// !$*UTF8*$!
{
	archiveVersion = 1;
	classes = {
	};
	objectVersion = 46;
	objects = {

/* Begin PBXBuildFile section */
		3F0959111BA12DC500093D0B /* AppDelegate.swift in Sources */ = {isa = PBXBuildFile; fileRef = 3F0959101BA12DC500093D0B /* AppDelegate.swift */; };
		3F0959131BA12DC500093D0B /* ViewController.swift in Sources */ = {isa = PBXBuildFile; fileRef = 3F0959121BA12DC500093D0B /* ViewController.swift */; };
		3F0959161BA12DC500093D0B /* Main.storyboard in Resources */ = {isa = PBXBuildFile; fileRef = 3F0959141BA12DC500093D0B /* Main.storyboard */; };
		3F0959181BA12DC500093D0B /* Images.xcassets in Resources */ = {isa = PBXBuildFile; fileRef = 3F0959171BA12DC500093D0B /* Images.xcassets */; };
		3F09591B1BA12DC500093D0B /* LaunchScreen.xib in Resources */ = {isa = PBXBuildFile; fileRef = 3F0959191BA12DC500093D0B /* LaunchScreen.xib */; };
		3F0959271BA12DC500093D0B /* MultiplyTests.swift in Sources */ = {isa = PBXBuildFile; fileRef = 3F0959261BA12DC500093D0B /* MultiplyTests.swift */; };
/* End PBXBuildFile section */

/* Begin PBXContainerItemProxy section */
		3F0959211BA12DC500093D0B /* PBXContainerItemProxy */ = {
			isa = PBXContainerItemProxy;
			containerPortal = 3F0959031BA12DC500093D0B /* Project object */;
			proxyType = 1;
			remoteGlobalIDString = 3F09590A1BA12DC500093D0B;
			remoteInfo = Multiply;
		};
/* End PBXContainerItemProxy section */

/* Begin PBXFileReference section */
		3F09590B1BA12DC500093D0B /* Multiply.app */ = {isa = PBXFileReference; explicitFileType = wrapper.application; includeInIndex = 0; path = Multiply.app; sourceTree = BUILT_PRODUCTS_DIR; };
		3F09590F1BA12DC500093D0B /* Info.plist */ = {isa = PBXFileReference; lastKnownFileType = text.plist.xml; path = Info.plist; sourceTree = "<group>"; };
		3F0959101BA12DC500093D0B /* AppDelegate.swift */ = {isa = PBXFileReference; lastKnownFileType = sourcecode.swift; path = AppDelegate.swift; sourceTree = "<group>"; };
		3F0959121BA12DC500093D0B /* ViewController.swift */ = {isa = PBXFileReference; lastKnownFileType = sourcecode.swift; path = ViewController.swift; sourceTree = "<group>"; };
		3F0959151BA12DC500093D0B /* Base */ = {isa = PBXFileReference; lastKnownFileType = file.storyboard; name = Base; path = Base.lproj/Main.storyboard; sourceTree = "<group>"; };
		3F0959171BA12DC500093D0B /* Images.xcassets */ = {isa = PBXFileReference; lastKnownFileType = folder.assetcatalog; path = Images.xcassets; sourceTree = "<group>"; };
		3F09591A1BA12DC500093D0B /* Base */ = {isa = PBXFileReference; lastKnownFileType = file.xib; name = Base; path = Base.lproj/LaunchScreen.xib; sourceTree = "<group>"; };
		3F0959201BA12DC500093D0B /* MultiplyTests.xctest */ = {isa = PBXFileReference; explicitFileType = wrapper.cfbundle; includeInIndex = 0; path = MultiplyTests.xctest; sourceTree = BUILT_PRODUCTS_DIR; };
		3F0959251BA12DC500093D0B /* Info.plist */ = {isa = PBXFileReference; lastKnownFileType = text.plist.xml; path = Info.plist; sourceTree = "<group>"; };
		3F0959261BA12DC500093D0B /* MultiplyTests.swift */ = {isa = PBXFileReference; lastKnownFileType = sourcecode.swift; path = MultiplyTests.swift; sourceTree = "<group>"; };
/* End PBXFileReference section */

/* Begin PBXFrameworksBuildPhase section */
		3F0959081BA12DC500093D0B /* Frameworks */ = {
			isa = PBXFrameworksBuildPhase;
			buildActionMask = 2147483647;
			files = (
			);
			runOnlyForDeploymentPostprocessing = 0;
		};
		3F09591D1BA12DC500093D0B /* Frameworks */ = {
			isa = PBXFrameworksBuildPhase;
			buildActionMask = 2147483647;
			files = (
			);
			runOnlyForDeploymentPostprocessing = 0;
		};
/* End PBXFrameworksBuildPhase section */

/* Begin PBXGroup section */
		3F0959021BA12DC500093D0B = {
			isa = PBXGroup;
			children = (
				3F09590D1BA12DC500093D0B /* Multiply */,
				3F0959231BA12DC500093D0B /* MultiplyTests */,
				3F09590C1BA12DC500093D0B /* Products */,
			);
			sourceTree = "<group>";
		};
		3F09590C1BA12DC500093D0B /* Products */ = {
			isa = PBXGroup;
			children = (
				3F09590B1BA12DC500093D0B /* Multiply.app */,
				3F0959201BA12DC500093D0B /* MultiplyTests.xctest */,
			);
			name = Products;
			sourceTree = "<group>";
		};
		3F09590D1BA12DC500093D0B /* Multiply */ = {
			isa = PBXGroup;
			children = (
				3F0959101BA12DC500093D0B /* AppDelegate.swift */,
				3F0959121BA12DC500093D0B /* ViewController.swift */,
				3F0959141BA12DC500093D0B /* Main.storyboard */,
				3F0959171BA12DC500093D0B /* Images.xcassets */,
				3F0959191BA12DC500093D0B /* LaunchScreen.xib */,
				3F09590E1BA12DC500093D0B /* Supporting Files */,
			);
			path = Multiply;
			sourceTree = "<group>";
		};
		3F09590E1BA12DC500093D0B /* Supporting Files */ = {
			isa = PBXGroup;
			children = (
				3F09590F1BA12DC500093D0B /* Info.plist */,
			);
			name = "Supporting Files";
			sourceTree = "<group>";
		};
		3F0959231BA12DC500093D0B /* MultiplyTests */ = {
			isa = PBXGroup;
			children = (
				3F0959261BA12DC500093D0B /* MultiplyTests.swift */,
				3F0959241BA12DC500093D0B /* Supporting Files */,
			);
			path = MultiplyTests;
			sourceTree = "<group>";
		};
		3F0959241BA12DC500093D0B /* Supporting Files */ = {
			isa = PBXGroup;
			children = (
				3F0959251BA12DC500093D0B /* Info.plist */,
			);
			name = "Supporting Files";
			sourceTree = "<group>";
		};
/* End PBXGroup section */

/* Begin PBXNativeTarget section */
		3F09590A1BA12DC500093D0B /* Multiply */ = {
			isa = PBXNativeTarget;
			buildConfigurationList = 3F09592A1BA12DC500093D0B /* Build configuration list for PBXNativeTarget "Multiply" */;
			buildPhases = (
				3F0959071BA12DC500093D0B /* Sources */,
				3F0959081BA12DC500093D0B /* Frameworks */,
				3F0959091BA12DC500093D0B /* Resources */,
			);
			buildRules = (
			);
			dependencies = (
			);
			name = Multiply;
			productName = Multiply;
			productReference = 3F09590B1BA12DC500093D0B /* Multiply.app */;
			productType = "com.apple.product-type.application";
		};
		3F09591F1BA12DC500093D0B /* MultiplyTests */ = {
			isa = PBXNativeTarget;
			buildConfigurationList = 3F09592D1BA12DC500093D0B /* Build configuration list for PBXNativeTarget "MultiplyTests" */;
			buildPhases = (
				3F09591C1BA12DC500093D0B /* Sources */,
				3F09591D1BA12DC500093D0B /* Frameworks */,
				3F09591E1BA12DC500093D0B /* Resources */,
			);
			buildRules = (
			);
			dependencies = (
				3F0959221BA12DC500093D0B /* PBXTargetDependency */,
			);
			name = MultiplyTests;
			productName = MultiplyTests;
			productReference = 3F0959201BA12DC500093D0B /* MultiplyTests.xctest */;
			productType = "com.apple.product-type.bundle.unit-test";
		};
/* End PBXNativeTarget section */

/* Begin PBXProject section */
		3F0959031BA12DC500093D0B /* Project object */ = {
			isa = PBXProject;
			attributes = {
				LastUpgradeCheck = 0640;
				ORGANIZATIONNAME = maxkiley;
				TargetAttributes = {
					3F09590A1BA12DC500093D0B = {
						CreatedOnToolsVersion = 6.4;
					};
					3F09591F1BA12DC500093D0B = {
						CreatedOnToolsVersion = 6.4;
						TestTargetID = 3F09590A1BA12DC500093D0B;
					};
				};
			};
			buildConfigurationList = 3F0959061BA12DC500093D0B /* Build configuration list for PBXProject "Multiply" */;
			compatibilityVersion = "Xcode 3.2";
			developmentRegion = English;
			hasScannedForEncodings = 0;
			knownRegions = (
				en,
				Base,
			);
			mainGroup = 3F0959021BA12DC500093D0B;
			productRefGroup = 3F09590C1BA12DC500093D0B /* Products */;
			projectDirPath = "";
			projectRoot = "";
			targets = (
				3F09590A1BA12DC500093D0B /* Multiply */,
				3F09591F1BA12DC500093D0B /* MultiplyTests */,
			);
		};
/* End PBXProject section */

/* Begin PBXResourcesBuildPhase section */
		3F0959091BA12DC500093D0B /* Resources */ = {
			isa = PBXResourcesBuildPhase;
			buildActionMask = 2147483647;
			files = (
				3F0959161BA12DC500093D0B /* Main.storyboard in Resources */,
				3F09591B1BA12DC500093D0B /* LaunchScreen.xib in Resources */,
				3F0959181BA12DC500093D0B /* Images.xcassets in Resources */,
			);
			runOnlyForDeploymentPostprocessing = 0;
		};
		3F09591E1BA12DC500093D0B /* Resources */ = {
			isa = PBXResourcesBuildPhase;
			buildActionMask = 2147483647;
			files = (
			);
			runOnlyForDeploymentPostprocessing = 0;
		};
/* End PBXResourcesBuildPhase section */

/* Begin PBXSourcesBuildPhase section */
		3F0959071BA12DC500093D0B /* Sources */ = {
			isa = PBXSourcesBuildPhase;
			buildActionMask = 2147483647;
			files = (
				3F0959131BA12DC500093D0B /* ViewController.swift in Sources */,
				3F0959111BA12DC500093D0B /* AppDelegate.swift in Sources */,
			);
			runOnlyForDeploymentPostprocessing = 0;
		};
		3F09591C1BA12DC500093D0B /* Sources */ = {
			isa = PBXSourcesBuildPhase;
			buildActionMask = 2147483647;
			files = (
				3F0959271BA12DC500093D0B /* MultiplyTests.swift in Sources */,
			);
			runOnlyForDeploymentPostprocessing = 0;
		};
/* End PBXSourcesBuildPhase section */

/* Begin PBXTargetDependency section */
		3F0959221BA12DC500093D0B /* PBXTargetDependency */ = {
			isa = PBXTargetDependency;
			target = 3F09590A1BA12DC500093D0B /* Multiply */;
			targetProxy = 3F0959211BA12DC500093D0B /* PBXContainerItemProxy */;
		};
/* End PBXTargetDependency section */

/* Begin PBXVariantGroup section */
		3F0959141BA12DC500093D0B /* Main.storyboard */ = {
			isa = PBXVariantGroup;
			children = (
				3F0959151BA12DC500093D0B /* Base */,
			);
			name = Main.storyboard;
			sourceTree = "<group>";
		};
		3F0959191BA12DC500093D0B /* LaunchScreen.xib */ = {
			isa = PBXVariantGroup;
			children = (
				3F09591A1BA12DC500093D0B /* Base */,
			);
			name = LaunchScreen.xib;
			sourceTree = "<group>";
		};
/* End PBXVariantGroup section */

/* Begin XCBuildConfiguration section */
		3F0959281BA12DC500093D0B /* Debug */ = {
			isa = XCBuildConfiguration;
			buildSettings = {
				ALWAYS_SEARCH_USER_PATHS = NO;
				CLANG_CXX_LANGUAGE_STANDARD = "gnu++0x";
				CLANG_CXX_LIBRARY = "libc++";
				CLANG_ENABLE_MODULES = YES;
				CLANG_ENABLE_OBJC_ARC = YES;
				CLANG_WARN_BOOL_CONVERSION = YES;
				CLANG_WARN_CONSTANT_CONVERSION = YES;
				CLANG_WARN_DIRECT_OBJC_ISA_USAGE = YES_ERROR;
				CLANG_WARN_EMPTY_BODY = YES;
				CLANG_WARN_ENUM_CONVERSION = YES;
				CLANG_WARN_INT_CONVERSION = YES;
				CLANG_WARN_OBJC_ROOT_CLASS = YES_ERROR;
				CLANG_WARN_UNREACHABLE_CODE = YES;
				CLANG_WARN__DUPLICATE_METHOD_MATCH = YES;
				"CODE_SIGN_IDENTITY[sdk=iphoneos*]" = "iPhone Developer";
				COPY_PHASE_STRIP = NO;
				DEBUG_INFORMATION_FORMAT = "dwarf-with-dsym";
				ENABLE_STRICT_OBJC_MSGSEND = YES;
				GCC_C_LANGUAGE_STANDARD = gnu99;
				GCC_DYNAMIC_NO_PIC = NO;
				GCC_NO_COMMON_BLOCKS = YES;
				GCC_OPTIMIZATION_LEVEL = 0;
				GCC_PREPROCESSOR_DEFINITIONS = (
					"DEBUG=1",
					"$(inherited)",
				);
				GCC_SYMBOLS_PRIVATE_EXTERN = NO;
				GCC_WARN_64_TO_32_BIT_CONVERSION = YES;
				GCC_WARN_ABOUT_RETURN_TYPE = YES_ERROR;
				GCC_WARN_UNDECLARED_SELECTOR = YES;
				GCC_WARN_UNINITIALIZED_AUTOS = YES_AGGRESSIVE;
				GCC_WARN_UNUSED_FUNCTION = YES;
				GCC_WARN_UNUSED_VARIABLE = YES;
				IPHONEOS_DEPLOYMENT_TARGET = 8.4;
				MTL_ENABLE_DEBUG_INFO = YES;
				ONLY_ACTIVE_ARCH = YES;
				SDKROOT = iphoneos;
				SWIFT_OPTIMIZATION_LEVEL = "-Onone";
				TARGETED_DEVICE_FAMILY = "1,2";
			};
			name = Debug;
		};
		3F0959291BA12DC500093D0B /* Release */ = {
			isa = XCBuildConfiguration;
			buildSettings = {
				ALWAYS_SEARCH_USER_PATHS = NO;
				CLANG_CXX_LANGUAGE_STANDARD = "gnu++0x";
				CLANG_CXX_LIBRARY = "libc++";
				CLANG_ENABLE_MODULES = YES;
				CLANG_ENABLE_OBJC_ARC = YES;
				CLANG_WARN_BOOL_CONVERSION = YES;
				CLANG_WARN_CONSTANT_CONVERSION = YES;
				CLANG_WARN_DIRECT_OBJC_ISA_USAGE = YES_ERROR;
				CLANG_WARN_EMPTY_BODY = YES;
				CLANG_WARN_ENUM_CONVERSION = YES;
				CLANG_WARN_INT_CONVERSION = YES;
				CLANG_WARN_OBJC_ROOT_CLASS = YES_ERROR;
				CLANG_WARN_UNREACHABLE_CODE = YES;
				CLANG_WARN__DUPLICATE_METHOD_MATCH = YES;
				"CODE_SIGN_IDENTITY[sdk=iphoneos*]" = "iPhone Developer";
				COPY_PHASE_STRIP = NO;
				DEBUG_INFORMATION_FORMAT = "dwarf-with-dsym";
				ENABLE_NS_ASSERTIONS = NO;
				ENABLE_STRICT_OBJC_MSGSEND = YES;
				GCC_C_LANGUAGE_STANDARD = gnu99;
				GCC_NO_COMMON_BLOCKS = YES;
				GCC_WARN_64_TO_32_BIT_CONVERSION = YES;
				GCC_WARN_ABOUT_RETURN_TYPE = YES_ERROR;
				GCC_WARN_UNDECLARED_SELECTOR = YES;
				GCC_WARN_UNINITIALIZED_AUTOS = YES_AGGRESSIVE;
				GCC_WARN_UNUSED_FUNCTION = YES;
				GCC_WARN_UNUSED_VARIABLE = YES;
				IPHONEOS_DEPLOYMENT_TARGET = 8.4;
				MTL_ENABLE_DEBUG_INFO = NO;
				SDKROOT = iphoneos;
				TARGETED_DEVICE_FAMILY = "1,2";
				VALIDATE_PRODUCT = YES;
			};
			name = Release;
		};
		3F09592B1BA12DC500093D0B /* Debug */ = {
			isa = XCBuildConfiguration;
			buildSettings = {
				ASSETCATALOG_COMPILER_APPICON_NAME = AppIcon;
				INFOPLIST_FILE = Multiply/Info.plist;
				LD_RUNPATH_SEARCH_PATHS = "$(inherited) @executable_path/Frameworks";
				PRODUCT_NAME = "$(TARGET_NAME)";
			};
			name = Debug;
		};
		3F09592C1BA12DC500093D0B /* Release */ = {
			isa = XCBuildConfiguration;
			buildSettings = {
				ASSETCATALOG_COMPILER_APPICON_NAME = AppIcon;
				INFOPLIST_FILE = Multiply/Info.plist;
				LD_RUNPATH_SEARCH_PATHS = "$(inherited) @executable_path/Frameworks";
				PRODUCT_NAME = "$(TARGET_NAME)";
			};
			name = Release;
		};
		3F09592E1BA12DC500093D0B /* Debug */ = {
			isa = XCBuildConfiguration;
			buildSettings = {
				BUNDLE_LOADER = "$(TEST_HOST)";
				FRAMEWORK_SEARCH_PATHS = (
					"$(SDKROOT)/Developer/Library/Frameworks",
					"$(inherited)",
				);
				GCC_PREPROCESSOR_DEFINITIONS = (
					"DEBUG=1",
					"$(inherited)",
				);
				INFOPLIST_FILE = MultiplyTests/Info.plist;
				LD_RUNPATH_SEARCH_PATHS = "$(inherited) @executable_path/Frameworks @loader_path/Frameworks";
				PRODUCT_NAME = "$(TARGET_NAME)";
				TEST_HOST = "$(BUILT_PRODUCTS_DIR)/Multiply.app/Multiply";
			};
			name = Debug;
		};
		3F09592F1BA12DC500093D0B /* Release */ = {
			isa = XCBuildConfiguration;
			buildSettings = {
				BUNDLE_LOADER = "$(TEST_HOST)";
				FRAMEWORK_SEARCH_PATHS = (
					"$(SDKROOT)/Developer/Library/Frameworks",
					"$(inherited)",
				);
				INFOPLIST_FILE = MultiplyTests/Info.plist;
				LD_RUNPATH_SEARCH_PATHS = "$(inherited) @executable_path/Frameworks @loader_path/Frameworks";
				PRODUCT_NAME = "$(TARGET_NAME)";
				TEST_HOST = "$(BUILT_PRODUCTS_DIR)/Multiply.app/Multiply";
			};
			name = Release;
		};
/* End XCBuildConfiguration section */

/* Begin XCConfigurationList section */
		3F0959061BA12DC500093D0B /* Build configuration list for PBXProject "Multiply" */ = {
			isa = XCConfigurationList;
			buildConfigurations = (
				3F0959281BA12DC500093D0B /* Debug */,
				3F0959291BA12DC500093D0B /* Release */,
			);
			defaultConfigurationIsVisible = 0;
			defaultConfigurationName = Release;
		};
		3F09592A1BA12DC500093D0B /* Build configuration list for PBXNativeTarget "Multiply" */ = {
			isa = XCConfigurationList;
			buildConfigurations = (
				3F09592B1BA12DC500093D0B /* Debug */,
				3F09592C1BA12DC500093D0B /* Release */,
			);
			defaultConfigurationIsVisible = 0;
		};
		3F09592D1BA12DC500093D0B /* Build configuration list for PBXNativeTarget "MultiplyTests" */ = {
			isa = XCConfigurationList;
			buildConfigurations = (
				3F09592E1BA12DC500093D0B /* Debug */,
				3F09592F1BA12DC500093D0B /* Release */,
			);
			defaultConfigurationIsVisible = 0;
		};
/* End XCConfigurationList section */
	};
	rootObject = 3F0959031BA12DC500093D0B /* Project object */;
}
